{
  "name": "@app-sdk/authentication-api",
  "version": "1.0.6",
  "lockfileVersion": 1,
  "requires": true,
  "dependencies": {
    "@app-sdk/services": {
      "version": "1.0.11",
      "resolved": "https://registry.npmjs.org/@app-sdk/services/-/services-1.0.11.tgz",
      "integrity": "sha512-gXtpv55PvVxo/HxmR0zPZIOskrMuk5YS/rGHV7r3JZrm75MCJU46RKKhWXmPyNPbh+t4oODyCatLoAF3+g3isQ==",
      "requires": {
        "react-native-event-listeners": "^1.0.3"
      }
    },
    "react-native-event-listeners": {
      "version": "1.0.3",
      "resolved": "https://registry.npmjs.org/react-native-event-listeners/-/react-native-event-listeners-1.0.3.tgz",
      "integrity": "sha1-jiEEkbDquPcUMXoPjC0yK7IDYmg=",
      "requires": {
        "type-detect": "4.0.3"
      }
    },
    "type-detect": {
      "version": "4.0.3",
      "resolved": "https://registry.npmjs.org/type-detect/-/type-detect-4.0.3.tgz",
      "integrity": "sha1-Dj8mcLRAmbC0bChNE2p+9Jx0wuo="
    }
  }
}
