{
  "name": "@app-sdk/authentication-api",
  "version": "1.0.5",
  "lockfileVersion": 1,
  "requires": true,
  "dependencies": {
    "@app-sdk/services": {
      "version": "1.0.9",
      "resolved": "https://registry.npmjs.org/@app-sdk/services/-/services-1.0.9.tgz",
      "integrity": "sha512-m9a3JUwl/Krnuo2t8pHKXb+DTZaKRGS7MxGYE5IdB4kI0hfvUtQ+4M3O8wmVQCMPJmGnXoNrAa7R8L6m/IvzLw==",
      "requires": {
        "react-native-event-listeners": "^1.0.3"
      }
    },
    "react-native-config": {
      "version": "0.11.7",
      "resolved": "https://registry.npmjs.org/react-native-config/-/react-native-config-0.11.7.tgz",
      "integrity": "sha512-dn5s+zhwLyE25vRT/vaEtLk/j8ZL1UZKvejORNDWakSwpOnLmFurFeaZV83IqkPlfWHXHFdsYe2IRYG1WN4WkQ=="
    },
    "react-native-event-listeners": {
      "version": "1.0.3",
      "resolved": "https://registry.npmjs.org/react-native-event-listeners/-/react-native-event-listeners-1.0.3.tgz",
      "integrity": "sha1-jiEEkbDquPcUMXoPjC0yK7IDYmg=",
      "requires": {
        "type-detect": "4.0.3"
      }
    },
    "type-detect": {
      "version": "4.0.3",
      "resolved": "https://registry.npmjs.org/type-detect/-/type-detect-4.0.3.tgz",
      "integrity": "sha1-Dj8mcLRAmbC0bChNE2p+9Jx0wuo="
    }
  }
}
